{
  "requires": true,
  "lockfileVersion": 1,
  "dependencies": {
    "ajv": {
      "version": "6.10.2",
      "resolved": "https://registry.npm.taobao.org/ajv/download/ajv-6.10.2.tgz?cache=0&sync_timestamp=1563113786760&other_urls=https%3A%2F%2Fregistry.npm.taobao.org%2Fajv%2Fdownload%2Fajv-6.10.2.tgz",
      "integrity": "sha1-086gTWsBeyiUrWkED+yLYj60vVI=",
      "requires": {
        "fast-deep-equal": "^2.0.1",
        "fast-json-stable-stringify": "^2.0.0",
        "json-schema-traverse": "^0.4.1",
        "uri-js": "^4.2.2"
      }
    },
    "ajv-keywords": {
      "version": "3.4.1",
      "resolved": "https://registry.npm.taobao.org/ajv-keywords/download/ajv-keywords-3.4.1.tgz",
      "integrity": "sha1-75FuJxxkrBIXH9g4TqrmsjRYVNo="
    },
    "babel-plugin-syntax-dynamic-import": {
      "version": "6.18.0",
      "resolved": "http://registry.npm.taobao.org/babel-plugin-syntax-dynamic-import/download/babel-plugin-syntax-dynamic-import-6.18.0.tgz",
      "integrity": "sha1-jWomIpyDdFqZgqRBBRVyyqF5sdo="
    },
    "big.js": {
      "version": "5.2.2",
      "resolved": "http://registry.npm.taobao.org/big.js/download/big.js-5.2.2.tgz",
      "integrity": "sha1-ZfCvOC9Xi83HQr2cKB6cstd2gyg="
    },
    "emojis-list": {
      "version": "2.1.0",
      "resolved": "https://registry.npm.taobao.org/emojis-list/download/emojis-list-2.1.0.tgz",
      "integrity": "sha1-TapNnbAPmBmIDHn6RXrlsJof04k="
    },
    "fast-deep-equal": {
      "version": "2.0.1",
      "resolved": "https://registry.npm.taobao.org/fast-deep-equal/download/fast-deep-equal-2.0.1.tgz",
      "integrity": "sha1-ewUhjd+WZ79/Nwv3/bLLFf3Qqkk="
    },
    "fast-json-stable-stringify": {
      "version": "2.0.0",
      "resolved": "http://registry.npm.taobao.org/fast-json-stable-stringify/download/fast-json-stable-stringify-2.0.0.tgz",
      "integrity": "sha1-1RQsDK7msRifh9OnYREGT4bIu/I="
    },
    "json-schema-traverse": {
      "version": "0.4.1",
      "resolved": "http://registry.npm.taobao.org/json-schema-traverse/download/json-schema-traverse-0.4.1.tgz",
      "integrity": "sha1-afaofZUTq4u4/mO9sJecRI5oRmA="
    },
    "json5": {
      "version": "1.0.1",
      "resolved": "https://registry.npm.taobao.org/json5/download/json5-1.0.1.tgz",
      "integrity": "sha1-d5+wAYYE+oVOrL9iUhgNg1Q+Pb4=",
      "requires": {
        "minimist": "^1.2.0"
      }
    },
    "loader-utils": {
      "version": "1.2.3",
      "resolved": "http://registry.npm.taobao.org/loader-utils/download/loader-utils-1.2.3.tgz",
      "integrity": "sha1-H/XcaRHJ8KBiUxpMBLYJQGEIwsc=",
      "requires": {
        "big.js": "^5.2.2",
        "emojis-list": "^2.0.0",
        "json5": "^1.0.1"
      }
    },
    "minimist": {
      "version": "1.2.0",
      "resolved": "http://registry.npm.taobao.org/minimist/download/minimist-1.2.0.tgz",
      "integrity": "sha1-o1AIsg9BOD7sH7kU9M1d95omQoQ="
    },
    "node-ensure": {
      "version": "0.0.0",
      "resolved": "https://registry.npm.taobao.org/node-ensure/download/node-ensure-0.0.0.tgz",
      "integrity": "sha1-7K52QVDemYYexcgQ/V0Jaxg5Mqc="
    },
    "pdfjs-dist": {
      "version": "2.0.943",
      "resolved": "https://registry.npm.taobao.org/pdfjs-dist/download/pdfjs-dist-2.0.943.tgz",
      "integrity": "sha1-MvuaLYY99aHYlSGgs82QDBbn7d4=",
      "requires": {
        "node-ensure": "^0.0.0",
        "worker-loader": "^2.0.0"
      }
    },
    "punycode": {
      "version": "2.1.1",
      "resolved": "http://registry.npm.taobao.org/punycode/download/punycode-2.1.1.tgz",
      "integrity": "sha1-tYsBCsQMIsVldhbI0sLALHv0eew="
    },
    "raw-loader": {
      "version": "0.5.1",
      "resolved": "https://registry.npm.taobao.org/raw-loader/download/raw-loader-0.5.1.tgz?cache=0&other_urls=https%3A%2F%2Fregistry.npm.taobao.org%2Fraw-loader%2Fdownload%2Fraw-loader-0.5.1.tgz",
      "integrity": "sha1-DD0L6u2KAclm2Xh793goElKpeao="
    },
    "schema-utils": {
      "version": "0.4.7",
      "resolved": "https://registry.npm.taobao.org/schema-utils/download/schema-utils-0.4.7.tgz",
      "integrity": "sha1-unT1l9K+LqiAExdG7hfQoJPGgYc=",
      "requires": {
        "ajv": "^6.1.0",
        "ajv-keywords": "^3.1.0"
      }
    },
    "uri-js": {
      "version": "4.2.2",
      "resolved": "http://registry.npm.taobao.org/uri-js/download/uri-js-4.2.2.tgz",
      "integrity": "sha1-lMVA4f93KVbiKZUHwBCupsiDjrA=",
      "requires": {
        "punycode": "^2.1.0"
      }
    },
    "vue-pdf": {
      "version": "4.0.7",
      "resolved": "https://registry.npm.taobao.org/vue-pdf/download/vue-pdf-4.0.7.tgz",
      "integrity": "sha1-ZKW/DOwkI/e1ltcLS2nScXtXRTE=",
      "requires": {
        "babel-plugin-syntax-dynamic-import": "^6.18.0",
        "loader-utils": "^1.2.3",
        "pdfjs-dist": "2.0.943",
        "raw-loader": "^0.5.1",
        "vue-resize-sensor": "^2.0.0"
      }
    },
    "vue-resize-sensor": {
      "version": "2.0.0",
      "resolved": "https://registry.npm.taobao.org/vue-resize-sensor/download/vue-resize-sensor-2.0.0.tgz",
      "integrity": "sha1-Olh/1oAuFohwnPLFqtrnoAdZUr8="
    },
    "worker-loader": {
      "version": "2.0.0",
      "resolved": "https://registry.npm.taobao.org/worker-loader/download/worker-loader-2.0.0.tgz",
      "integrity": "sha1-Rf2j73asqBV3GokQc5nuQRm0MKw=",
      "requires": {
        "loader-utils": "^1.0.0",
        "schema-utils": "^0.4.0"
      }
    }
  }
}
